# This file is automatically @generated by Poetry 2.1.1 and should not be changed by hand.

[[package]]
name = "hashids"
version = "1.3.1"
description = "Implements the hashids algorithm in python. For more information, visit http://hashids.org/"
optional = false
python-versions = ">=2.7"
groups = ["main"]
files = [
    {file = "hashids-1.3.1-py2.py3-none-any.whl", hash = "sha256:8bddd1acba501bfc9306e7e5a99a1667f4f2cacdc20cbd70bcc5ddfa5147c94c"},
    {file = "hashids-1.3.1.tar.gz", hash = "sha256:6c3dc775e65efc2ce2c157a65acb776d634cb814598f406469abef00ae3f635c"},
]

[package.extras]
test = ["pytest (>=2.1.0)"]

[[package]]
name = "progress"
version = "1.6"
description = "Easy to use progress bars"
optional = false
python-versions = "*"
groups = ["main"]
files = [
    {file = "progress-1.6.tar.gz", hash = "sha256:c9c86e98b5c03fa1fe11e3b67c1feda4788b8d0fe7336c2ff7d5644ccfba34cd"},
]

[metadata]
lock-version = "2.1"
python-versions = ">=3.10"
content-hash = "3e99a557163da7d464612320881bde1a5aec708359872097c833f0af1f3e4afa"
